// !$*UTF8*$!
{
	archiveVersion = 1;
	classes = {
	};
	objectVersion = 56;
	objects = {

/* Begin PBXBuildFile section */
		63318C8E2A6EEF4A004B2E1A /* ChildManager.swift in Sources */ = {isa = PBXBuildFile; fileRef = 63318C8D2A6EEF4A004B2E1A /* ChildManager.swift */; };
		633D93A82A6ECECB00159CE4 /* PipesClientApp.swift in Sources */ = {isa = PBXBuildFile; fileRef = 633D93A72A6ECECB00159CE4 /* PipesClientApp.swift */; };
		633D93AA2A6ECECB00159CE4 /* ContentView.swift in Sources */ = {isa = PBXBuildFile; fileRef = 633D93A92A6ECECB00159CE4 /* ContentView.swift */; };
		633D93AC2A6ECECD00159CE4 /* Assets.xcassets in Resources */ = {isa = PBXBuildFile; fileRef = 633D93AB2A6ECECD00159CE4 /* Assets.xcassets */; };
		633D93AF2A6ECECD00159CE4 /* Preview Assets.xcassets in Resources */ = {isa = PBXBuildFile; fileRef = 633D93AE2A6ECECD00159CE4 /* Preview Assets.xcassets */; };
		633D93D22A6ED81700159CE4 /* app.swift in Sources */ = {isa = PBXBuildFile; fileRef = 633D93D02A6ED81600159CE4 /* app.swift */; };
		633D93D52A6ED83C00159CE4 /* pipes-server in Resources */ = {isa = PBXBuildFile; fileRef = 633D93C92A6ED7FB00159CE4 /* pipes-server */; };
		633D93D82A6ED86000159CE4 /* ArgumentParser in Frameworks */ = {isa = PBXBuildFile; productRef = 633D93D72A6ED86000159CE4 /* ArgumentParser */; };
		633D93DA2A6ED86000159CE4 /* generate-manual in Frameworks */ = {isa = PBXBuildFile; productRef = 633D93D92A6ED86000159CE4 /* generate-manual */; };
/* End PBXBuildFile section */

/* Begin PBXContainerItemProxy section */
		633D93D32A6ED83500159CE4 /* PBXContainerItemProxy */ = {
			isa = PBXContainerItemProxy;
			containerPortal = 633D939C2A6ECECB00159CE4 /* Project object */;
			proxyType = 1;
			remoteGlobalIDString = 633D93C82A6ED7FB00159CE4;
			remoteInfo = PipesServer;
		};
/* End PBXContainerItemProxy section */

/* Begin PBXCopyFilesBuildPhase section */
		633D93C72A6ED7FB00159CE4 /* CopyFiles */ = {
			isa = PBXCopyFilesBuildPhase;
			buildActionMask = 2147483647;
			dstPath = /usr/share/man/man1/;
			dstSubfolderSpec = 0;
			files = (
			);
			runOnlyForDeploymentPostprocessing = 1;
		};
/* End PBXCopyFilesBuildPhase section */

/* Begin PBXFileReference section */
		63318C8D2A6EEF4A004B2E1A /* ChildManager.swift */ = {isa = PBXFileReference; lastKnownFileType = sourcecode.swift; path = ChildManager.swift; sourceTree = "<group>"; };
		633D93A42A6ECECB00159CE4 /* PipesClient.app */ = {isa = PBXFileReference; explicitFileType = wrapper.application; includeInIndex = 0; path = PipesClient.app; sourceTree = BUILT_PRODUCTS_DIR; };
		633D93A72A6ECECB00159CE4 /* PipesClientApp.swift */ = {isa = PBXFileReference; lastKnownFileType = sourcecode.swift; path = PipesClientApp.swift; sourceTree = "<group>"; };
		633D93A92A6ECECB00159CE4 /* ContentView.swift */ = {isa = PBXFileReference; lastKnownFileType = sourcecode.swift; path = ContentView.swift; sourceTree = "<group>"; };
		633D93AB2A6ECECD00159CE4 /* Assets.xcassets */ = {isa = PBXFileReference; lastKnownFileType = folder.assetcatalog; path = Assets.xcassets; sourceTree = "<group>"; };
		633D93AE2A6ECECD00159CE4 /* Preview Assets.xcassets */ = {isa = PBXFileReference; lastKnownFileType = folder.assetcatalog; path = "Preview Assets.xcassets"; sourceTree = "<group>"; };
		633D93B02A6ECECD00159CE4 /* PipesClient.entitlements */ = {isa = PBXFileReference; lastKnownFileType = text.plist.entitlements; path = PipesClient.entitlements; sourceTree = "<group>"; };
		633D93C92A6ED7FB00159CE4 /* pipes-server */ = {isa = PBXFileReference; explicitFileType = "compiled.mach-o.executable"; includeInIndex = 0; path = "pipes-server"; sourceTree = BUILT_PRODUCTS_DIR; };
		633D93D02A6ED81600159CE4 /* app.swift */ = {isa = PBXFileReference; lastKnownFileType = sourcecode.swift; path = app.swift; sourceTree = "<group>"; };
		633D93D12A6ED81600159CE4 /* PipesServer.entitlements */ = {isa = PBXFileReference; lastKnownFileType = text.plist.entitlements; path = PipesServer.entitlements; sourceTree = "<group>"; };
/* End PBXFileReference section */

/* Begin PBXFrameworksBuildPhase section */
		633D93A12A6ECECB00159CE4 /* Frameworks */ = {
			isa = PBXFrameworksBuildPhase;
			buildActionMask = 2147483647;
			files = (
			);
			runOnlyForDeploymentPostprocessing = 0;
		};
		633D93C62A6ED7FB00159CE4 /* Frameworks */ = {
			isa = PBXFrameworksBuildPhase;
			buildActionMask = 2147483647;
			files = (
				633D93D82A6ED86000159CE4 /* ArgumentParser in Frameworks */,
				633D93DA2A6ED86000159CE4 /* generate-manual in Frameworks */,
			);
			runOnlyForDeploymentPostprocessing = 0;
		};
/* End PBXFrameworksBuildPhase section */

/* Begin PBXGroup section */
		633D939B2A6ECECB00159CE4 = {
			isa = PBXGroup;
			children = (
				633D93A62A6ECECB00159CE4 /* PipesClient */,
				633D93CA2A6ED7FB00159CE4 /* PipesServer */,
				633D93A52A6ECECB00159CE4 /* Products */,
			);
			sourceTree = "<group>";
		};
		633D93A52A6ECECB00159CE4 /* Products */ = {
			isa = PBXGroup;
			children = (
				633D93A42A6ECECB00159CE4 /* PipesClient.app */,
				633D93C92A6ED7FB00159CE4 /* pipes-server */,
			);
			name = Products;
			sourceTree = "<group>";
		};
		633D93A62A6ECECB00159CE4 /* PipesClient */ = {
			isa = PBXGroup;
			children = (
				633D93A72A6ECECB00159CE4 /* PipesClientApp.swift */,
				633D93A92A6ECECB00159CE4 /* ContentView.swift */,
				633D93AB2A6ECECD00159CE4 /* Assets.xcassets */,
				633D93B02A6ECECD00159CE4 /* PipesClient.entitlements */,
				633D93AD2A6ECECD00159CE4 /* Preview Content */,
				63318C8D2A6EEF4A004B2E1A /* ChildManager.swift */,
			);
			path = PipesClient;
			sourceTree = "<group>";
		};
		633D93AD2A6ECECD00159CE4 /* Preview Content */ = {
			isa = PBXGroup;
			children = (
				633D93AE2A6ECECD00159CE4 /* Preview Assets.xcassets */,
			);
			path = "Preview Content";
			sourceTree = "<group>";
		};
		633D93CA2A6ED7FB00159CE4 /* PipesServer */ = {
			isa = PBXGroup;
			children = (
				633D93D12A6ED81600159CE4 /* PipesServer.entitlements */,
				633D93D02A6ED81600159CE4 /* app.swift */,
			);
			path = PipesServer;
			sourceTree = "<group>";
		};
/* End PBXGroup section */

/* Begin PBXNativeTarget section */
		633D93A32A6ECECB00159CE4 /* PipesClient */ = {
			isa = PBXNativeTarget;
			buildConfigurationList = 633D93B32A6ECECD00159CE4 /* Build configuration list for PBXNativeTarget "PipesClient" */;
			buildPhases = (
				633D93A02A6ECECB00159CE4 /* Sources */,
				633D93A12A6ECECB00159CE4 /* Frameworks */,
				633D93A22A6ECECB00159CE4 /* Resources */,
			);
			buildRules = (
			);
			dependencies = (
				633D93D42A6ED83500159CE4 /* PBXTargetDependency */,
			);
			name = PipesClient;
			productName = PipesClient;
			productReference = 633D93A42A6ECECB00159CE4 /* PipesClient.app */;
			productType = "com.apple.product-type.application";
		};
		633D93C82A6ED7FB00159CE4 /* pipes-server */ = {
			isa = PBXNativeTarget;
			buildConfigurationList = 633D93CD2A6ED7FB00159CE4 /* Build configuration list for PBXNativeTarget "pipes-server" */;
			buildPhases = (
				633D93C52A6ED7FB00159CE4 /* Sources */,
				633D93C62A6ED7FB00159CE4 /* Frameworks */,
				633D93C72A6ED7FB00159CE4 /* CopyFiles */,
			);
			buildRules = (
			);
			dependencies = (
			);
			name = "pipes-server";
			packageProductDependencies = (
				633D93D72A6ED86000159CE4 /* ArgumentParser */,
				633D93D92A6ED86000159CE4 /* generate-manual */,
			);
			productName = PipesServer;
			productReference = 633D93C92A6ED7FB00159CE4 /* pipes-server */;
			productType = "com.apple.product-type.tool";
		};
/* End PBXNativeTarget section */

/* Begin PBXProject section */
		633D939C2A6ECECB00159CE4 /* Project object */ = {
			isa = PBXProject;
			attributes = {
				BuildIndependentTargetsInParallel = 1;
				LastSwiftUpdateCheck = 1500;
				LastUpgradeCheck = 1500;
				TargetAttributes = {
					633D93A32A6ECECB00159CE4 = {
						CreatedOnToolsVersion = 15.0;
					};
					633D93C82A6ED7FB00159CE4 = {
						CreatedOnToolsVersion = 15.0;
					};
				};
			};
			buildConfigurationList = 633D939F2A6ECECB00159CE4 /* Build configuration list for PBXProject "PipesClient" */;
			compatibilityVersion = "Xcode 14.0";
			developmentRegion = en;
			hasScannedForEncodings = 0;
			knownRegions = (
				en,
				Base,
			);
			mainGroup = 633D939B2A6ECECB00159CE4;
			packageReferences = (
				633D93D62A6ED86000159CE4 /* XCRemoteSwiftPackageReference "swift-argument-parser" */,
			);
			productRefGroup = 633D93A52A6ECECB00159CE4 /* Products */;
			projectDirPath = "";
			projectRoot = "";
			targets = (
				633D93A32A6ECECB00159CE4 /* PipesClient */,
				633D93C82A6ED7FB00159CE4 /* pipes-server */,
			);
		};
/* End PBXProject section */

/* Begin PBXResourcesBuildPhase section */
		633D93A22A6ECECB00159CE4 /* Resources */ = {
			isa = PBXResourcesBuildPhase;
			buildActionMask = 2147483647;
			files = (
				633D93D52A6ED83C00159CE4 /* pipes-server in Resources */,
				633D93AF2A6ECECD00159CE4 /* Preview Assets.xcassets in Resources */,
				633D93AC2A6ECECD00159CE4 /* Assets.xcassets in Resources */,
			);
			runOnlyForDeploymentPostprocessing = 0;
		};
/* End PBXResourcesBuildPhase section */

/* Begin PBXSourcesBuildPhase section */
		633D93A02A6ECECB00159CE4 /* Sources */ = {
			isa = PBXSourcesBuildPhase;
			buildActionMask = 2147483647;
			files = (
				633D93AA2A6ECECB00159CE4 /* ContentView.swift in Sources */,
				63318C8E2A6EEF4A004B2E1A /* ChildManager.swift in Sources */,
				633D93A82A6ECECB00159CE4 /* PipesClientApp.swift in Sources */,
			);
			runOnlyForDeploymentPostprocessing = 0;
		};
		633D93C52A6ED7FB00159CE4 /* Sources */ = {
			isa = PBXSourcesBuildPhase;
			buildActionMask = 2147483647;
			files = (
				633D93D22A6ED81700159CE4 /* app.swift in Sources */,
			);
			runOnlyForDeploymentPostprocessing = 0;
		};
/* End PBXSourcesBuildPhase section */

/* Begin PBXTargetDependency section */
		633D93D42A6ED83500159CE4 /* PBXTargetDependency */ = {
			isa = PBXTargetDependency;
			target = 633D93C82A6ED7FB00159CE4 /* pipes-server */;
			targetProxy = 633D93D32A6ED83500159CE4 /* PBXContainerItemProxy */;
		};
/* End PBXTargetDependency section */

/* Begin XCBuildConfiguration section */
		633D93B12A6ECECD00159CE4 /* Debug */ = {
			isa = XCBuildConfiguration;
			buildSettings = {
				ALWAYS_SEARCH_USER_PATHS = NO;
				ASSETCATALOG_COMPILER_GENERATE_SWIFT_ASSET_SYMBOL_EXTENSIONS = YES;
				CLANG_ANALYZER_NONNULL = YES;
				CLANG_ANALYZER_NUMBER_OBJECT_CONVERSION = YES_AGGRESSIVE;
				CLANG_CXX_LANGUAGE_STANDARD = "gnu++20";
				CLANG_ENABLE_MODULES = YES;
				CLANG_ENABLE_OBJC_ARC = YES;
				CLANG_ENABLE_OBJC_WEAK = YES;
				CLANG_WARN_BLOCK_CAPTURE_AUTORELEASING = YES;
				CLANG_WARN_BOOL_CONVERSION = YES;
				CLANG_WARN_COMMA = YES;
				CLANG_WARN_CONSTANT_CONVERSION = YES;
				CLANG_WARN_DEPRECATED_OBJC_IMPLEMENTATIONS = YES;
				CLANG_WARN_DIRECT_OBJC_ISA_USAGE = YES_ERROR;
				CLANG_WARN_DOCUMENTATION_COMMENTS = YES;
				CLANG_WARN_EMPTY_BODY = YES;
				CLANG_WARN_ENUM_CONVERSION = YES;
				CLANG_WARN_INFINITE_RECURSION = YES;
				CLANG_WARN_INT_CONVERSION = YES;
				CLANG_WARN_NON_LITERAL_NULL_CONVERSION = YES;
				CLANG_WARN_OBJC_IMPLICIT_RETAIN_SELF = YES;
				CLANG_WARN_OBJC_LITERAL_CONVERSION = YES;
				CLANG_WARN_OBJC_ROOT_CLASS = YES_ERROR;
				CLANG_WARN_QUOTED_INCLUDE_IN_FRAMEWORK_HEADER = YES;
				CLANG_WARN_RANGE_LOOP_ANALYSIS = YES;
				CLANG_WARN_STRICT_PROTOTYPES = YES;
				CLANG_WARN_SUSPICIOUS_MOVE = YES;
				CLANG_WARN_UNGUARDED_AVAILABILITY = YES_AGGRESSIVE;
				CLANG_WARN_UNREACHABLE_CODE = YES;
				CLANG_WARN__DUPLICATE_METHOD_MATCH = YES;
				COPY_PHASE_STRIP = NO;
				DEBUG_INFORMATION_FORMAT = dwarf;
				ENABLE_STRICT_OBJC_MSGSEND = YES;
				ENABLE_TESTABILITY = YES;
				ENABLE_USER_SCRIPT_SANDBOXING = YES;
				GCC_C_LANGUAGE_STANDARD = gnu17;
				GCC_DYNAMIC_NO_PIC = NO;
				GCC_NO_COMMON_BLOCKS = YES;
				GCC_OPTIMIZATION_LEVEL = 0;
				GCC_PREPROCESSOR_DEFINITIONS = (
					"DEBUG=1",
					"$(inherited)",
				);
				GCC_WARN_64_TO_32_BIT_CONVERSION = YES;
				GCC_WARN_ABOUT_RETURN_TYPE = YES_ERROR;
				GCC_WARN_UNDECLARED_SELECTOR = YES;
				GCC_WARN_UNINITIALIZED_AUTOS = YES_AGGRESSIVE;
				GCC_WARN_UNUSED_FUNCTION = YES;
				GCC_WARN_UNUSED_VARIABLE = YES;
				LOCALIZATION_PREFERS_STRING_CATALOGS = YES;
				MACOSX_DEPLOYMENT_TARGET = 13.4;
				MTL_ENABLE_DEBUG_INFO = INCLUDE_SOURCE;
				MTL_FAST_MATH = YES;
				ONLY_ACTIVE_ARCH = YES;
				SDKROOT = macosx;
				SWIFT_ACTIVE_COMPILATION_CONDITIONS = "DEBUG $(inherited)";
				SWIFT_OPTIMIZATION_LEVEL = "-Onone";
			};
			name = Debug;
		};
		633D93B22A6ECECD00159CE4 /* Release */ = {
			isa = XCBuildConfiguration;
			buildSettings = {
				ALWAYS_SEARCH_USER_PATHS = NO;
				ASSETCATALOG_COMPILER_GENERATE_SWIFT_ASSET_SYMBOL_EXTENSIONS = YES;
				CLANG_ANALYZER_NONNULL = YES;
				CLANG_ANALYZER_NUMBER_OBJECT_CONVERSION = YES_AGGRESSIVE;
				CLANG_CXX_LANGUAGE_STANDARD = "gnu++20";
				CLANG_ENABLE_MODULES = YES;
				CLANG_ENABLE_OBJC_ARC = YES;
				CLANG_ENABLE_OBJC_WEAK = YES;
				CLANG_WARN_BLOCK_CAPTURE_AUTORELEASING = YES;
				CLANG_WARN_BOOL_CONVERSION = YES;
				CLANG_WARN_COMMA = YES;
				CLANG_WARN_CONSTANT_CONVERSION = YES;
				CLANG_WARN_DEPRECATED_OBJC_IMPLEMENTATIONS = YES;
				CLANG_WARN_DIRECT_OBJC_ISA_USAGE = YES_ERROR;
				CLANG_WARN_DOCUMENTATION_COMMENTS = YES;
				CLANG_WARN_EMPTY_BODY = YES;
				CLANG_WARN_ENUM_CONVERSION = YES;
				CLANG_WARN_INFINITE_RECURSION = YES;
				CLANG_WARN_INT_CONVERSION = YES;
				CLANG_WARN_NON_LITERAL_NULL_CONVERSION = YES;
				CLANG_WARN_OBJC_IMPLICIT_RETAIN_SELF = YES;
				CLANG_WARN_OBJC_LITERAL_CONVERSION = YES;
				CLANG_WARN_OBJC_ROOT_CLASS = YES_ERROR;
				CLANG_WARN_QUOTED_INCLUDE_IN_FRAMEWORK_HEADER = YES;
				CLANG_WARN_RANGE_LOOP_ANALYSIS = YES;
				CLANG_WARN_STRICT_PROTOTYPES = YES;
				CLANG_WARN_SUSPICIOUS_MOVE = YES;
				CLANG_WARN_UNGUARDED_AVAILABILITY = YES_AGGRESSIVE;
				CLANG_WARN_UNREACHABLE_CODE = YES;
				CLANG_WARN__DUPLICATE_METHOD_MATCH = YES;
				COPY_PHASE_STRIP = NO;
				DEBUG_INFORMATION_FORMAT = "dwarf-with-dsym";
				ENABLE_NS_ASSERTIONS = NO;
				ENABLE_STRICT_OBJC_MSGSEND = YES;
				ENABLE_USER_SCRIPT_SANDBOXING = YES;
				GCC_C_LANGUAGE_STANDARD = gnu17;
				GCC_NO_COMMON_BLOCKS = YES;
				GCC_WARN_64_TO_32_BIT_CONVERSION = YES;
				GCC_WARN_ABOUT_RETURN_TYPE = YES_ERROR;
				GCC_WARN_UNDECLARED_SELECTOR = YES;
				GCC_WARN_UNINITIALIZED_AUTOS = YES_AGGRESSIVE;
				GCC_WARN_UNUSED_FUNCTION = YES;
				GCC_WARN_UNUSED_VARIABLE = YES;
				LOCALIZATION_PREFERS_STRING_CATALOGS = YES;
				MACOSX_DEPLOYMENT_TARGET = 13.4;
				MTL_ENABLE_DEBUG_INFO = NO;
				MTL_FAST_MATH = YES;
				SDKROOT = macosx;
				SWIFT_COMPILATION_MODE = wholemodule;
			};
			name = Release;
		};
		633D93B42A6ECECD00159CE4 /* Debug */ = {
			isa = XCBuildConfiguration;
			buildSettings = {
				ASSETCATALOG_COMPILER_APPICON_NAME = AppIcon;
				ASSETCATALOG_COMPILER_GLOBAL_ACCENT_COLOR_NAME = AccentColor;
				CODE_SIGN_ENTITLEMENTS = PipesClient/PipesClient.entitlements;
				CODE_SIGN_STYLE = Automatic;
				COMBINE_HIDPI_IMAGES = YES;
				CURRENT_PROJECT_VERSION = 1;
				DEVELOPMENT_ASSET_PATHS = "\"PipesClient/Preview Content\"";
				DEVELOPMENT_TEAM = QLUUJVNCEC;
				ENABLE_HARDENED_RUNTIME = NO;
				ENABLE_PREVIEWS = YES;
				GENERATE_INFOPLIST_FILE = YES;
				INFOPLIST_KEY_NSHumanReadableCopyright = "";
				LD_RUNPATH_SEARCH_PATHS = (
					"$(inherited)",
					"@executable_path/../Frameworks",
				);
				MACOSX_DEPLOYMENT_TARGET = 14.0;
				MARKETING_VERSION = 1.0;
				PRODUCT_BUNDLE_IDENTIFIER = com.humblehacker.PipesClient;
				PRODUCT_NAME = "$(TARGET_NAME)";
				SWIFT_EMIT_LOC_STRINGS = YES;
				SWIFT_VERSION = 5.0;
			};
			name = Debug;
		};
		633D93B52A6ECECD00159CE4 /* Release */ = {
			isa = XCBuildConfiguration;
			buildSettings = {
				ASSETCATALOG_COMPILER_APPICON_NAME = AppIcon;
				ASSETCATALOG_COMPILER_GLOBAL_ACCENT_COLOR_NAME = AccentColor;
				CODE_SIGN_ENTITLEMENTS = PipesClient/PipesClient.entitlements;
				CODE_SIGN_STYLE = Automatic;
				COMBINE_HIDPI_IMAGES = YES;
				CURRENT_PROJECT_VERSION = 1;
				DEVELOPMENT_ASSET_PATHS = "\"PipesClient/Preview Content\"";
				DEVELOPMENT_TEAM = QLUUJVNCEC;
				ENABLE_HARDENED_RUNTIME = NO;
				ENABLE_PREVIEWS = YES;
				GENERATE_INFOPLIST_FILE = YES;
				INFOPLIST_KEY_NSHumanReadableCopyright = "";
				LD_RUNPATH_SEARCH_PATHS = (
					"$(inherited)",
					"@executable_path/../Frameworks",
				);
				MACOSX_DEPLOYMENT_TARGET = 14.0;
				MARKETING_VERSION = 1.0;
				PRODUCT_BUNDLE_IDENTIFIER = com.humblehacker.PipesClient;
				PRODUCT_NAME = "$(TARGET_NAME)";
				SWIFT_EMIT_LOC_STRINGS = YES;
				SWIFT_VERSION = 5.0;
			};
			name = Release;
		};
		633D93CE2A6ED7FB00159CE4 /* Debug */ = {
			isa = XCBuildConfiguration;
			buildSettings = {
				CODE_SIGN_ENTITLEMENTS = PipesServer/PipesServer.entitlements;
				CODE_SIGN_STYLE = Automatic;
				DEVELOPMENT_TEAM = QLUUJVNCEC;
				ENABLE_HARDENED_RUNTIME = NO;
				PRODUCT_NAME = "$(TARGET_NAME)";
				SWIFT_VERSION = 5.0;
			};
			name = Debug;
		};
		633D93CF2A6ED7FB00159CE4 /* Release */ = {
			isa = XCBuildConfiguration;
			buildSettings = {
				CODE_SIGN_ENTITLEMENTS = PipesServer/PipesServer.entitlements;
				CODE_SIGN_STYLE = Automatic;
				DEVELOPMENT_TEAM = QLUUJVNCEC;
				ENABLE_HARDENED_RUNTIME = NO;
				PRODUCT_NAME = "$(TARGET_NAME)";
				SWIFT_VERSION = 5.0;
			};
			name = Release;
		};
/* End XCBuildConfiguration section */

/* Begin XCConfigurationList section */
		633D939F2A6ECECB00159CE4 /* Build configuration list for PBXProject "PipesClient" */ = {
			isa = XCConfigurationList;
			buildConfigurations = (
				633D93B12A6ECECD00159CE4 /* Debug */,
				633D93B22A6ECECD00159CE4 /* Release */,
			);
			defaultConfigurationIsVisible = 0;
			defaultConfigurationName = Release;
		};
		633D93B32A6ECECD00159CE4 /* Build configuration list for PBXNativeTarget "PipesClient" */ = {
			isa = XCConfigurationList;
			buildConfigurations = (
				633D93B42A6ECECD00159CE4 /* Debug */,
				633D93B52A6ECECD00159CE4 /* Release */,
			);
			defaultConfigurationIsVisible = 0;
			defaultConfigurationName = Release;
		};
		633D93CD2A6ED7FB00159CE4 /* Build configuration list for PBXNativeTarget "pipes-server" */ = {
			isa = XCConfigurationList;
			buildConfigurations = (
				633D93CE2A6ED7FB00159CE4 /* Debug */,
				633D93CF2A6ED7FB00159CE4 /* Release */,
			);
			defaultConfigurationIsVisible = 0;
			defaultConfigurationName = Release;
		};
/* End XCConfigurationList section */

/* Begin XCRemoteSwiftPackageReference section */
		633D93D62A6ED86000159CE4 /* XCRemoteSwiftPackageReference "swift-argument-parser" */ = {
			isa = XCRemoteSwiftPackageReference;
			repositoryURL = "https://github.com/apple/swift-argument-parser.git";
			requirement = {
				kind = upToNextMajorVersion;
				minimumVersion = 1.2.2;
			};
		};
/* End XCRemoteSwiftPackageReference section */

/* Begin XCSwiftPackageProductDependency section */
		633D93D72A6ED86000159CE4 /* ArgumentParser */ = {
			isa = XCSwiftPackageProductDependency;
			package = 633D93D62A6ED86000159CE4 /* XCRemoteSwiftPackageReference "swift-argument-parser" */;
			productName = ArgumentParser;
		};
		633D93D92A6ED86000159CE4 /* generate-manual */ = {
			isa = XCSwiftPackageProductDependency;
			package = 633D93D62A6ED86000159CE4 /* XCRemoteSwiftPackageReference "swift-argument-parser" */;
			productName = "generate-manual";
		};
/* End XCSwiftPackageProductDependency section */
	};
	rootObject = 633D939C2A6ECECB00159CE4 /* Project object */;
}
